
Microsoft Visual Studio Solution File, Format Version 12.00
# Visual Studio Version 17
VisualStudioVersion = 17.8.34330.188
MinimumVisualStudioVersion = 10.0.40219.1
Project("{FAE04EC0-301F-11D3-BF4B-00C04F79EFBC}") = "MVCSecurity", "MVCSecurity.csproj", "{167EA6A7-A38A-4800-8ED3-55757F3B71F8}"
EndProject
Project("{FAE04EC0-301F-11D3-BF4B-00C04F79EFBC}") = "MVCSecurity1", "..\MVCSecurity1\MVCSecurity1.csproj", "{5486BF26-20B4-46F7-8A1C-46DA8F7B0A52}"
EndProject
Global
	GlobalSection(SolutionConfigurationPlatforms) = preSolution
		Debug|Any CPU = Debug|Any CPU
		Release|Any CPU = Release|Any CPU
	EndGlobalSection
	GlobalSection(ProjectConfigurationPlatforms) = postSolution
		{167EA6A7-A38A-4800-8ED3-55757F3B71F8}.Debug|Any CPU.ActiveCfg = Debug|Any CPU
		{167EA6A7-A38A-4800-8ED3-55757F3B71F8}.Debug|Any CPU.Build.0 = Debug|Any CPU
		{167EA6A7-A38A-4800-8ED3-55757F3B71F8}.Release|Any CPU.ActiveCfg = Release|Any CPU
		{167EA6A7-A38A-4800-8ED3-55757F3B71F8}.Release|Any CPU.Build.0 = Release|Any CPU
		{5486BF26-20B4-46F7-8A1C-46DA8F7B0A52}.Debug|Any CPU.ActiveCfg = Debug|Any CPU
		{5486BF26-20B4-46F7-8A1C-46DA8F7B0A52}.Debug|Any CPU.Build.0 = Debug|Any CPU
		{5486BF26-20B4-46F7-8A1C-46DA8F7B0A52}.Release|Any CPU.ActiveCfg = Release|Any CPU
		{5486BF26-20B4-46F7-8A1C-46DA8F7B0A52}.Release|Any CPU.Build.0 = Release|Any CPU
	EndGlobalSection
	GlobalSection(SolutionProperties) = preSolution
		HideSolutionNode = FALSE
	EndGlobalSection
	GlobalSection(ExtensibilityGlobals) = postSolution
		SolutionGuid = {684AFC78-72FD-4CAE-A229-8B52968D86B3}
	EndGlobalSection
EndGlobal
