
Microsoft Visual Studio Solution File, Format Version 12.00
# Visual Studio Version 17
VisualStudioVersion = 17.8.34330.188
MinimumVisualStudioVersion = 10.0.40219.1
Project("{9A19103F-16F7-4668-BE54-9A1E7A4F7556}") = "JsonSerliserDemo", "JsonSerliserDemo\JsonSerliserDemo.csproj", "{4F0E5599-6010-45AA-BC30-E3E910FD715E}"
EndProject
Project("{9A19103F-16F7-4668-BE54-9A1E7A4F7556}") = "DbConnectivity", "DbConnectivity\DbConnectivity.csproj", "{79287B23-CF81-434F-8771-538B48B32761}"
EndProject
Global
	GlobalSection(SolutionConfigurationPlatforms) = preSolution
		Debug|Any CPU = Debug|Any CPU
		Release|Any CPU = Release|Any CPU
	EndGlobalSection
	GlobalSection(ProjectConfigurationPlatforms) = postSolution
		{4F0E5599-6010-45AA-BC30-E3E910FD715E}.Debug|Any CPU.ActiveCfg = Debug|Any CPU
		{4F0E5599-6010-45AA-BC30-E3E910FD715E}.Debug|Any CPU.Build.0 = Debug|Any CPU
		{4F0E5599-6010-45AA-BC30-E3E910FD715E}.Release|Any CPU.ActiveCfg = Release|Any CPU
		{4F0E5599-6010-45AA-BC30-E3E910FD715E}.Release|Any CPU.Build.0 = Release|Any CPU
		{79287B23-CF81-434F-8771-538B48B32761}.Debug|Any CPU.ActiveCfg = Debug|Any CPU
		{79287B23-CF81-434F-8771-538B48B32761}.Debug|Any CPU.Build.0 = Debug|Any CPU
		{79287B23-CF81-434F-8771-538B48B32761}.Release|Any CPU.ActiveCfg = Release|Any CPU
		{79287B23-CF81-434F-8771-538B48B32761}.Release|Any CPU.Build.0 = Release|Any CPU
	EndGlobalSection
	GlobalSection(SolutionProperties) = preSolution
		HideSolutionNode = FALSE
	EndGlobalSection
	GlobalSection(ExtensibilityGlobals) = postSolution
		SolutionGuid = {09F89CED-CCA5-47FB-ACCD-CCE4D362D5F6}
	EndGlobalSection
EndGlobal
