
Microsoft Visual Studio Solution File, Format Version 12.00
# Visual Studio Version 17
VisualStudioVersion = 17.8.34330.188
MinimumVisualStudioVersion = 10.0.40219.1
Project("{9A19103F-16F7-4668-BE54-9A1E7A4F7556}") = "ViewTypeDemo", "ViewTypeDemo\ViewTypeDemo.csproj", "{46AEA0E4-F733-4E4C-A932-A19EADC8147B}"
EndProject
Global
	GlobalSection(SolutionConfigurationPlatforms) = preSolution
		Debug|Any CPU = Debug|Any CPU
		Release|Any CPU = Release|Any CPU
	EndGlobalSection
	GlobalSection(ProjectConfigurationPlatforms) = postSolution
		{46AEA0E4-F733-4E4C-A932-A19EADC8147B}.Debug|Any CPU.ActiveCfg = Debug|Any CPU
		{46AEA0E4-F733-4E4C-A932-A19EADC8147B}.Debug|Any CPU.Build.0 = Debug|Any CPU
		{46AEA0E4-F733-4E4C-A932-A19EADC8147B}.Release|Any CPU.ActiveCfg = Release|Any CPU
		{46AEA0E4-F733-4E4C-A932-A19EADC8147B}.Release|Any CPU.Build.0 = Release|Any CPU
	EndGlobalSection
	GlobalSection(SolutionProperties) = preSolution
		HideSolutionNode = FALSE
	EndGlobalSection
	GlobalSection(ExtensibilityGlobals) = postSolution
		SolutionGuid = {C140FCC8-233E-4783-A7BE-BB051CAF0242}
	EndGlobalSection
EndGlobal
