
Microsoft Visual Studio Solution File, Format Version 12.00
# Visual Studio Version 17
VisualStudioVersion = 17.8.34330.188
MinimumVisualStudioVersion = 10.0.40219.1
Project("{9A19103F-16F7-4668-BE54-9A1E7A4F7556}") = "ActionsAndModel", "ActionsAndModel\ActionsAndModel.csproj", "{7B74EA04-6AAE-487B-8929-D2319C8C4A47}"
EndProject
Global
	GlobalSection(SolutionConfigurationPlatforms) = preSolution
		Debug|Any CPU = Debug|Any CPU
		Release|Any CPU = Release|Any CPU
	EndGlobalSection
	GlobalSection(ProjectConfigurationPlatforms) = postSolution
		{7B74EA04-6AAE-487B-8929-D2319C8C4A47}.Debug|Any CPU.ActiveCfg = Debug|Any CPU
		{7B74EA04-6AAE-487B-8929-D2319C8C4A47}.Debug|Any CPU.Build.0 = Debug|Any CPU
		{7B74EA04-6AAE-487B-8929-D2319C8C4A47}.Release|Any CPU.ActiveCfg = Release|Any CPU
		{7B74EA04-6AAE-487B-8929-D2319C8C4A47}.Release|Any CPU.Build.0 = Release|Any CPU
	EndGlobalSection
	GlobalSection(SolutionProperties) = preSolution
		HideSolutionNode = FALSE
	EndGlobalSection
	GlobalSection(ExtensibilityGlobals) = postSolution
		SolutionGuid = {68DF9991-61F1-42C7-9668-ED901D380DA4}
	EndGlobalSection
EndGlobal
