
Microsoft Visual Studio Solution File, Format Version 12.00
# Visual Studio Version 17
VisualStudioVersion = 17.8.34330.188
MinimumVisualStudioVersion = 10.0.40219.1
Project("{FAE04EC0-301F-11D3-BF4B-00C04F79EFBC}") = "ConsoleApp1", "ConsoleApp1\ConsoleApp1.csproj", "{F2357553-5183-4997-A94C-7B1700EFCFA8}"
EndProject
Project("{FAE04EC0-301F-11D3-BF4B-00C04F79EFBC}") = "InterfacesDemo", "InterfacesDemo\InterfacesDemo.csproj", "{084569B1-8ABF-4269-85AC-58FC90E7B339}"
EndProject
Project("{FAE04EC0-301F-11D3-BF4B-00C04F79EFBC}") = "ExceptionDemo", "ExceptionDemo\ExceptionDemo.csproj", "{C01801DD-5663-4107-B030-4E88A687CE97}"
EndProject
Global
	GlobalSection(SolutionConfigurationPlatforms) = preSolution
		Debug|Any CPU = Debug|Any CPU
		Release|Any CPU = Release|Any CPU
	EndGlobalSection
	GlobalSection(ProjectConfigurationPlatforms) = postSolution
		{F2357553-5183-4997-A94C-7B1700EFCFA8}.Debug|Any CPU.ActiveCfg = Debug|Any CPU
		{F2357553-5183-4997-A94C-7B1700EFCFA8}.Debug|Any CPU.Build.0 = Debug|Any CPU
		{F2357553-5183-4997-A94C-7B1700EFCFA8}.Release|Any CPU.ActiveCfg = Release|Any CPU
		{F2357553-5183-4997-A94C-7B1700EFCFA8}.Release|Any CPU.Build.0 = Release|Any CPU
		{084569B1-8ABF-4269-85AC-58FC90E7B339}.Debug|Any CPU.ActiveCfg = Debug|Any CPU
		{084569B1-8ABF-4269-85AC-58FC90E7B339}.Debug|Any CPU.Build.0 = Debug|Any CPU
		{084569B1-8ABF-4269-85AC-58FC90E7B339}.Release|Any CPU.ActiveCfg = Release|Any CPU
		{084569B1-8ABF-4269-85AC-58FC90E7B339}.Release|Any CPU.Build.0 = Release|Any CPU
		{C01801DD-5663-4107-B030-4E88A687CE97}.Debug|Any CPU.ActiveCfg = Debug|Any CPU
		{C01801DD-5663-4107-B030-4E88A687CE97}.Debug|Any CPU.Build.0 = Debug|Any CPU
		{C01801DD-5663-4107-B030-4E88A687CE97}.Release|Any CPU.ActiveCfg = Release|Any CPU
		{C01801DD-5663-4107-B030-4E88A687CE97}.Release|Any CPU.Build.0 = Release|Any CPU
	EndGlobalSection
	GlobalSection(SolutionProperties) = preSolution
		HideSolutionNode = FALSE
	EndGlobalSection
	GlobalSection(ExtensibilityGlobals) = postSolution
		SolutionGuid = {84F4183E-EDFA-4FA9-B24D-575C068BFCC7}
	EndGlobalSection
EndGlobal
